
Microsoft Visual Studio Solution File, Format Version 12.00
# Visual Studio Version 17
VisualStudioVersion = 17.4.33403.182
MinimumVisualStudioVersion = 10.0.40219.1
Project("{FAE04EC0-301F-11D3-BF4B-00C04F79EFBC}") = "L01P02_2020BQ601", "L01P02_2020BQ601\L01P02_2020BQ601.csproj", "{DFDB102A-B6BD-409B-9E7A-4B6ECC9DC2FD}"
EndProject
Global
	GlobalSection(SolutionConfigurationPlatforms) = preSolution
		Debug|Any CPU = Debug|Any CPU
		Release|Any CPU = Release|Any CPU
	EndGlobalSection
	GlobalSection(ProjectConfigurationPlatforms) = postSolution
		{DFDB102A-B6BD-409B-9E7A-4B6ECC9DC2FD}.Debug|Any CPU.ActiveCfg = Debug|Any CPU
		{DFDB102A-B6BD-409B-9E7A-4B6ECC9DC2FD}.Debug|Any CPU.Build.0 = Debug|Any CPU
		{DFDB102A-B6BD-409B-9E7A-4B6ECC9DC2FD}.Release|Any CPU.ActiveCfg = Release|Any CPU
		{DFDB102A-B6BD-409B-9E7A-4B6ECC9DC2FD}.Release|Any CPU.Build.0 = Release|Any CPU
	EndGlobalSection
	GlobalSection(SolutionProperties) = preSolution
		HideSolutionNode = FALSE
	EndGlobalSection
	GlobalSection(ExtensibilityGlobals) = postSolution
		SolutionGuid = {7A582C50-0A65-457E-8B3A-F6B4BC7004B3}
	EndGlobalSection
EndGlobal
